
Microsoft Visual Studio Solution File, Format Version 12.00
# Visual Studio Version 16
VisualStudioVersion = 16.0.30204.135
MinimumVisualStudioVersion = 10.0.40219.1
Project("{9A19103F-16F7-4668-BE54-9A1E7A4F7556}") = "Watering2", "Watering2\Watering2.csproj", "{21225D97-084D-49DA-9D1D-A3ED0F7072D0}"
EndProject
Project("{9A19103F-16F7-4668-BE54-9A1E7A4F7556}") = "Bmxx80", "Bmxx80\Bmxx80.csproj", "{A84AB13C-9674-490D-BFB5-47783F920C4E}"
EndProject
Global
	GlobalSection(SolutionConfigurationPlatforms) = preSolution
		Debug|Any CPU = Debug|Any CPU
		Release|Any CPU = Release|Any CPU
	EndGlobalSection
	GlobalSection(ProjectConfigurationPlatforms) = postSolution
		{21225D97-084D-49DA-9D1D-A3ED0F7072D0}.Debug|Any CPU.ActiveCfg = Debug|Any CPU
		{21225D97-084D-49DA-9D1D-A3ED0F7072D0}.Debug|Any CPU.Build.0 = Debug|Any CPU
		{21225D97-084D-49DA-9D1D-A3ED0F7072D0}.Release|Any CPU.ActiveCfg = Release|Any CPU
		{21225D97-084D-49DA-9D1D-A3ED0F7072D0}.Release|Any CPU.Build.0 = Release|Any CPU
		{A84AB13C-9674-490D-BFB5-47783F920C4E}.Debug|Any CPU.ActiveCfg = Debug|Any CPU
		{A84AB13C-9674-490D-BFB5-47783F920C4E}.Debug|Any CPU.Build.0 = Debug|Any CPU
		{A84AB13C-9674-490D-BFB5-47783F920C4E}.Release|Any CPU.ActiveCfg = Release|Any CPU
		{A84AB13C-9674-490D-BFB5-47783F920C4E}.Release|Any CPU.Build.0 = Release|Any CPU
	EndGlobalSection
	GlobalSection(SolutionProperties) = preSolution
		HideSolutionNode = FALSE
	EndGlobalSection
	GlobalSection(ExtensibilityGlobals) = postSolution
		SolutionGuid = {3B7DCDAB-CA32-46EE-8EDA-B0E1AF0E4EE9}
	EndGlobalSection
EndGlobal
